{
    "name": "@clarityhub/unity-marketing",
    "version": "1.0.6",
    "lockfileVersion": 1,
    "requires": true,
    "dependencies": {
        "debug": {
            "version": "2.6.9",
            "resolved": "https://registry.npmjs.org/debug/-/debug-2.6.9.tgz",
            "integrity": "sha512-bC7ElrdJaJnPbAP+1EotYvqZsb3ecl5wi6Bfi6BJTUcNowp6cvspg0jXznRTKDjm/E7AdgFBVeAPVMNcKGsHMA==",
            "requires": {
                "ms": "2.0.0"
            }
        },
        "js-tokens": {
            "version": "4.0.0",
            "resolved": "https://registry.npmjs.org/js-tokens/-/js-tokens-4.0.0.tgz",
            "integrity": "sha512-RdJUflcE3cUzKiMqQgsCu06FPu9UdIJO0beYbPhHN4k6apgJtifcoCtT9bcxOpYBtpD2kCM6Sbzg4CausW/PKQ=="
        },
        "jsonp": {
            "version": "0.2.1",
            "resolved": "https://registry.npmjs.org/jsonp/-/jsonp-0.2.1.tgz",
            "integrity": "sha1-pltPoPEL2nGaBUQep7lMVfPhW64=",
            "requires": {
                "debug": "^2.1.3"
            }
        },
        "loose-envify": {
            "version": "1.4.0",
            "resolved": "https://registry.npmjs.org/loose-envify/-/loose-envify-1.4.0.tgz",
            "integrity": "sha512-lyuxPGr/Wfhrlem2CL/UcnUc1zcqKAImBDzukY7Y5F/yQiNdko6+fRLevlw1HgMySw7f611UIY408EtxRSoK3Q==",
            "requires": {
                "js-tokens": "^3.0.0 || ^4.0.0"
            }
        },
        "ms": {
            "version": "2.0.0",
            "resolved": "https://registry.npmjs.org/ms/-/ms-2.0.0.tgz",
            "integrity": "sha1-VgiurfwAvmwpAd9fmGF4jeDVl8g="
        },
        "object-assign": {
            "version": "4.1.1",
            "resolved": "https://registry.npmjs.org/object-assign/-/object-assign-4.1.1.tgz",
            "integrity": "sha1-IQmtx5ZYh8/AXLvUQsrIv7s2CGM="
        },
        "prop-types": {
            "version": "15.7.2",
            "resolved": "https://registry.npmjs.org/prop-types/-/prop-types-15.7.2.tgz",
            "integrity": "sha512-8QQikdH7//R2vurIJSutZ1smHYTcLpRWEOlHnzcWHmBYrOGUysKwSsrC89BCiFj3CbrfJ/nXFdJepOVrY1GCHQ==",
            "requires": {
                "loose-envify": "^1.4.0",
                "object-assign": "^4.1.1",
                "react-is": "^16.8.1"
            }
        },
        "react-is": {
            "version": "16.8.4",
            "resolved": "https://registry.npmjs.org/react-is/-/react-is-16.8.4.tgz",
            "integrity": "sha512-PVadd+WaUDOAciICm/J1waJaSvgq+4rHE/K70j0PFqKhkTBsPv/82UGQJNXAngz1fOQLLxI6z1sEDmJDQhCTAA=="
        },
        "react-mailchimp-subscribe": {
            "version": "2.1.0",
            "resolved": "https://registry.npmjs.org/react-mailchimp-subscribe/-/react-mailchimp-subscribe-2.1.0.tgz",
            "integrity": "sha512-sBB2XW0DPlysv+aVGRHbGQqDi8WITxXFjMzWiN07/t7U3FH2Io68EMBEU7atOUk5Y/WtsVnSytcs06aoEaf5ow==",
            "requires": {
                "jsonp": "^0.2.1",
                "prop-types": "^15.5.10",
                "to-querystring": "^1.0.4"
            }
        },
        "to-querystring": {
            "version": "1.1.0",
            "resolved": "https://registry.npmjs.org/to-querystring/-/to-querystring-1.1.0.tgz",
            "integrity": "sha512-nlYTDlLrE9+JJlEcoqEvOytgReSG4z8+hdHeSO8+WF4VLzF7sY5KFyIGvCEWJc0bROdMJsyhOnbPEb5R2LOI8A=="
        }
    }
}
